
Microsoft Visual Studio Solution File, Format Version 12.00
# Visual Studio Version 17
VisualStudioVersion = 17.1.32414.318
MinimumVisualStudioVersion = 10.0.40219.1
Project("{9A19103F-16F7-4668-BE54-9A1E7A4F7556}") = "Library.Core", "Library.Core\Library.Core.csproj", "{03F88D9D-A3F5-472F-859F-69A6845535E6}"
EndProject
Project("{9A19103F-16F7-4668-BE54-9A1E7A4F7556}") = "Library.DataAccess", "DataAccess\Library.DataAccess.csproj", "{EB4D597F-B766-4858-B583-E2E3BC3D2179}"
EndProject
Project("{9A19103F-16F7-4668-BE54-9A1E7A4F7556}") = "Library.Entities", "Library.Entities\Library.Entities.csproj", "{D2015CEE-C64C-49D4-919F-EE35F33CC615}"
EndProject
Project("{9A19103F-16F7-4668-BE54-9A1E7A4F7556}") = "Library.Business", "Library.Business\Library.Business.csproj", "{4FC19C0D-001C-43EC-82B9-D635BB13DABC}"
EndProject
Project("{9A19103F-16F7-4668-BE54-9A1E7A4F7556}") = "Library.WebAPI", "Library.WebAPI\Library.WebAPI.csproj", "{069AEF40-5B89-4F0D-A094-9E96275287D0}"
EndProject
Project("{2150E333-8FDC-42A3-9474-1A3956D46DE8}") = "Solution Items", "Solution Items", "{4EF657AD-6DF8-4D43-924A-32F3EE2750EB}"
	ProjectSection(SolutionItems) = preProject
		Tasks.txt = Tasks.txt
	EndProjectSection
EndProject
Project("{9A19103F-16F7-4668-BE54-9A1E7A4F7556}") = "Library.WebUI", "Library.WebUI\Library.WebUI.csproj", "{B616F8AB-693B-4C25-9B90-8E431CC53248}"
EndProject
Project("{FAE04EC0-301F-11D3-BF4B-00C04F79EFBC}") = "FileTester", "FileTester\FileTester.csproj", "{09297D1A-4D0E-4ED7-9FDE-3E12BE12E87C}"
EndProject
Global
	GlobalSection(SolutionConfigurationPlatforms) = preSolution
		Debug|Any CPU = Debug|Any CPU
		Release|Any CPU = Release|Any CPU
	EndGlobalSection
	GlobalSection(ProjectConfigurationPlatforms) = postSolution
		{03F88D9D-A3F5-472F-859F-69A6845535E6}.Debug|Any CPU.ActiveCfg = Debug|Any CPU
		{03F88D9D-A3F5-472F-859F-69A6845535E6}.Debug|Any CPU.Build.0 = Debug|Any CPU
		{03F88D9D-A3F5-472F-859F-69A6845535E6}.Release|Any CPU.ActiveCfg = Release|Any CPU
		{03F88D9D-A3F5-472F-859F-69A6845535E6}.Release|Any CPU.Build.0 = Release|Any CPU
		{EB4D597F-B766-4858-B583-E2E3BC3D2179}.Debug|Any CPU.ActiveCfg = Debug|Any CPU
		{EB4D597F-B766-4858-B583-E2E3BC3D2179}.Debug|Any CPU.Build.0 = Debug|Any CPU
		{EB4D597F-B766-4858-B583-E2E3BC3D2179}.Release|Any CPU.ActiveCfg = Release|Any CPU
		{EB4D597F-B766-4858-B583-E2E3BC3D2179}.Release|Any CPU.Build.0 = Release|Any CPU
		{D2015CEE-C64C-49D4-919F-EE35F33CC615}.Debug|Any CPU.ActiveCfg = Debug|Any CPU
		{D2015CEE-C64C-49D4-919F-EE35F33CC615}.Debug|Any CPU.Build.0 = Debug|Any CPU
		{D2015CEE-C64C-49D4-919F-EE35F33CC615}.Release|Any CPU.ActiveCfg = Release|Any CPU
		{D2015CEE-C64C-49D4-919F-EE35F33CC615}.Release|Any CPU.Build.0 = Release|Any CPU
		{4FC19C0D-001C-43EC-82B9-D635BB13DABC}.Debug|Any CPU.ActiveCfg = Debug|Any CPU
		{4FC19C0D-001C-43EC-82B9-D635BB13DABC}.Debug|Any CPU.Build.0 = Debug|Any CPU
		{4FC19C0D-001C-43EC-82B9-D635BB13DABC}.Release|Any CPU.ActiveCfg = Release|Any CPU
		{4FC19C0D-001C-43EC-82B9-D635BB13DABC}.Release|Any CPU.Build.0 = Release|Any CPU
		{069AEF40-5B89-4F0D-A094-9E96275287D0}.Debug|Any CPU.ActiveCfg = Debug|Any CPU
		{069AEF40-5B89-4F0D-A094-9E96275287D0}.Debug|Any CPU.Build.0 = Debug|Any CPU
		{069AEF40-5B89-4F0D-A094-9E96275287D0}.Release|Any CPU.ActiveCfg = Release|Any CPU
		{069AEF40-5B89-4F0D-A094-9E96275287D0}.Release|Any CPU.Build.0 = Release|Any CPU
		{B616F8AB-693B-4C25-9B90-8E431CC53248}.Debug|Any CPU.ActiveCfg = Debug|Any CPU
		{B616F8AB-693B-4C25-9B90-8E431CC53248}.Debug|Any CPU.Build.0 = Debug|Any CPU
		{B616F8AB-693B-4C25-9B90-8E431CC53248}.Release|Any CPU.ActiveCfg = Release|Any CPU
		{B616F8AB-693B-4C25-9B90-8E431CC53248}.Release|Any CPU.Build.0 = Release|Any CPU
		{09297D1A-4D0E-4ED7-9FDE-3E12BE12E87C}.Debug|Any CPU.ActiveCfg = Debug|Any CPU
		{09297D1A-4D0E-4ED7-9FDE-3E12BE12E87C}.Debug|Any CPU.Build.0 = Debug|Any CPU
		{09297D1A-4D0E-4ED7-9FDE-3E12BE12E87C}.Release|Any CPU.ActiveCfg = Release|Any CPU
		{09297D1A-4D0E-4ED7-9FDE-3E12BE12E87C}.Release|Any CPU.Build.0 = Release|Any CPU
	EndGlobalSection
	GlobalSection(SolutionProperties) = preSolution
		HideSolutionNode = FALSE
	EndGlobalSection
	GlobalSection(ExtensibilityGlobals) = postSolution
		SolutionGuid = {ACF91528-8BCE-4626-A72A-1B95CD1F0AA2}
	EndGlobalSection
EndGlobal
